# THIS IS AN AUTOGENERATED FILE. DO NOT EDIT THIS FILE DIRECTLY.
# yarn lockfile v1


"@inkac/randomid-generator@^1.0.0":
  version "1.0.0"
  resolved "https://registry.yarnpkg.com/@inkac/randomid-generator/-/randomid-generator-1.0.0.tgz#403eed7afc8ffe656483dcaaf6cc3c88666d8000"
  integrity sha512-0j+JS9V6Gn+/IWxr/6nS//x45kxV+piIgTCd5lLXGxesp0sLBMPvMczByn1bFCidXn/bydMc1IKcskDU6tu86A==

"@tomasz.laski/randomid-generator@^1.0.0", "@tomasz.laski/randomid-generator@^1.0.2":
  version "1.0.2"
  resolved "https://registry.yarnpkg.com/@tomasz.laski/randomid-generator/-/randomid-generator-1.0.2.tgz#dd04c69555c89ad7f64904a76cd5fd2866cf30d1"
  integrity sha512-eNVzKefzmuQJ70pz7nXnlFJTnFLJixKzJ0dl/BP2Re9+5JlUcw/0xFn4aSuzx0f1+L93pimfOpj9Ak0djs317A==
  dependencies:
    "@tomasz.laski/randomid-generator" "^1.0.0"
